{
    "_readme": [
        "This file locks the dependencies of your project to a known state",
        "Read more about it at http://getcomposer.org/doc/01-basic-usage.md#composer-lock-the-lock-file",
        "This file is @generated automatically"
    ],
    "hash": "38ae302bf99e4c248b79121364a2de31",
    "packages": [
        {
            "name": "filp/whoops",
            "version": "dev-master",
            "source": {
                "type": "git",
                "url": "https://github.com/filp/whoops.git",
                "reference": "285e5152b8be85ef7e141a8b4c669775c338dbc1"
            },
            "dist": {
                "type": "zip",
                "url": "https://api.github.com/repos/filp/whoops/zipball/285e5152b8be85ef7e141a8b4c669775c338dbc1",
                "reference": "285e5152b8be85ef7e141a8b4c669775c338dbc1",
                "shasum": ""
            },
            "require": {
                "php": ">=5.3.0"
            },
            "require-dev": {
                "mockery/mockery": "0.9.*"
            },
            "type": "library",
            "extra": {
                "branch-alias": {
                    "dev-master": "1.2-dev"
                }
            },
            "autoload": {
                "psr-0": {
                    "Whoops": "src/"
                },
                "classmap": [
                    "src/deprecated"
                ]
            },
            "notification-url": "https://packagist.org/downloads/",
            "license": [
                "MIT"
            ],
            "authors": [
                {
                    "name": "Filipe Dobreira",
                    "homepage": "https://github.com/filp",
                    "role": "Developer"
                }
            ],
            "description": "php error handling for cool kids",
            "homepage": "https://github.com/filp/whoops",
            "keywords": [
                "error",
                "exception",
                "handling",
                "library",
                "silex-provider",
                "whoops",
                "zf2"
            ],
            "time": "2015-04-12 16:35:52"
        },
        {
            "name": "ircmaxell/password-compat",
            "version": "1.0.x-dev",
            "source": {
                "type": "git",
                "url": "https://github.com/ircmaxell/password_compat.git",
                "reference": "9b99377557a33a4129c9194e60a97a685fab21e0"
            },
            "dist": {
                "type": "zip",
                "url": "https://api.github.com/repos/ircmaxell/password_compat/zipball/9b99377557a33a4129c9194e60a97a685fab21e0",
                "reference": "9b99377557a33a4129c9194e60a97a685fab21e0",
                "shasum": ""
            },
            "require-dev": {
                "phpunit/phpunit": "4.*"
            },
            "type": "library",
            "autoload": {
                "files": [
                    "lib/password.php"
                ]
            },
            "notification-url": "https://packagist.org/downloads/",
            "license": [
                "MIT"
            ],
            "authors": [
                {
                    "name": "Anthony Ferrara",
                    "email": "ircmaxell@php.net",
                    "homepage": "http://blog.ircmaxell.com"
                }
            ],
            "description": "A compatibility library for the proposed simplified password hashing algorithm: https://wiki.php.net/rfc/password_hash",
            "homepage": "https://github.com/ircmaxell/password_compat",
            "keywords": [
                "hashing",
                "password"
            ],
            "time": "2014-11-20 19:18:42"
        },
        {
            "name": "leafo/lessphp",
            "version": "dev-master",
            "source": {
                "type": "git",
                "url": "https://github.com/leafo/lessphp.git",
                "reference": "e701984d5d488599441623d3d56bd42103019ab6"
            },
            "dist": {
                "type": "zip",
                "url": "https://api.github.com/repos/leafo/lessphp/zipball/e701984d5d488599441623d3d56bd42103019ab6",
                "reference": "e701984d5d488599441623d3d56bd42103019ab6",
                "shasum": ""
            },
            "require-dev": {
                "phpunit/phpunit": "~4.3"
            },
            "bin": [
                "plessc"
            ],
            "type": "library",
            "extra": {
                "branch-alias": {
                    "dev-master": "0.4.x-dev"
                }
            },
            "autoload": {
                "classmap": [
                    "lessc.inc.php"
                ]
            },
            "notification-url": "https://packagist.org/downloads/",
            "license": [
                "MIT",
                "GPL-3.0"
            ],
            "authors": [
                {
                    "name": "Leaf Corcoran",
                    "email": "leafot@gmail.com",
                    "homepage": "http://leafo.net"
                }
            ],
            "description": "lessphp is a compiler for LESS written in PHP.",
            "homepage": "http://leafo.net/lessphp/",
            "time": "2014-12-29 20:45:53"
        },
        {
            "name": "leafo/scssphp",
            "version": "dev-develop",
            "source": {
                "type": "git",
                "url": "https://github.com/leafo/scssphp.git",
                "reference": "4245b13cbf2b24918763383ef007c08e916bb0ad"
            },
            "dist": {
                "type": "zip",
                "url": "https://api.github.com/repos/leafo/scssphp/zipball/4245b13cbf2b24918763383ef007c08e916bb0ad",
                "reference": "4245b13cbf2b24918763383ef007c08e916bb0ad",
                "shasum": ""
            },
            "require": {
                "php": ">=5.3.0"
            },
            "require-dev": {
                "phpunit/phpunit": "3.7.*"
            },
            "bin": [
                "bin/pscss"
            ],
            "type": "library",
            "autoload": {
                "classmap": [
                    "classmap.php"
                ],
                "psr-4": {
                    "Leafo\\ScssPhp\\": "src/"
                }
            },
            "notification-url": "https://packagist.org/downloads/",
            "license": [
                "MIT",
                "GPL-3.0"
            ],
            "authors": [
                {
                    "name": "Leaf Corcoran",
                    "email": "leafot@gmail.com",
                    "homepage": "http://leafo.net"
                }
            ],
            "description": "scssphp is a compiler for SCSS written in PHP.",
            "homepage": "http://leafo.net/scssphp/",
            "keywords": [
                "css",
                "less",
                "sass",
                "scss",
                "stylesheet"
            ],
            "time": "2015-01-27 19:29:29"
        },
        {
            "name": "pimple/pimple",
            "version": "dev-master",
            "source": {
                "type": "git",
                "url": "https://github.com/silexphp/Pimple.git",
                "reference": "2bcd90124a31bcf61804b9eb5badb85679469921"
            },
            "dist": {
                "type": "zip",
                "url": "https://api.github.com/repos/silexphp/Pimple/zipball/2bcd90124a31bcf61804b9eb5badb85679469921",
                "reference": "2bcd90124a31bcf61804b9eb5badb85679469921",
                "shasum": ""
            },
            "require": {
                "php": ">=5.3.0"
            },
            "type": "library",
            "extra": {
                "branch-alias": {
                    "dev-master": "3.0.x-dev"
                }
            },
            "autoload": {
                "psr-0": {
                    "Pimple": "src/"
                }
            },
            "notification-url": "https://packagist.org/downloads/",
            "license": [
                "MIT"
            ],
            "authors": [
                {
                    "name": "Fabien Potencier",
                    "email": "fabien@symfony.com"
                }
            ],
            "description": "Pimple is a simple Dependency Injection Container for PHP 5.3",
            "homepage": "http://pimple.sensiolabs.org",
            "keywords": [
                "container",
                "dependency injection"
            ],
            "time": "2015-01-26 16:18:50"
        },
        {
            "name": "rockettheme/toolbox",
            "version": "dev-develop",
            "source": {
                "type": "git",
                "url": "https://github.com/rockettheme/toolbox.git",
                "reference": "53ccdc886621fcb8c97b72bd204ed170b2f1f40a"
            },
            "dist": {
                "type": "zip",
                "url": "https://api.github.com/repos/rockettheme/toolbox/zipball/53ccdc886621fcb8c97b72bd204ed170b2f1f40a",
                "reference": "53ccdc886621fcb8c97b72bd204ed170b2f1f40a",
                "shasum": ""
            },
            "require": {
                "ircmaxell/password-compat": "1.0.*",
                "php": ">=5.4.0",
                "pimple/pimple": "~3.0",
                "symfony/event-dispatcher": "~2.5",
                "symfony/yaml": "~2.5"
            },
            "require-dev": {
                "phpunit/phpunit": "4.0.*"
            },
            "type": "library",
            "autoload": {
                "psr-4": {
                    "RocketTheme\\Toolbox\\ArrayTraits\\": "ArrayTraits/src",
                    "RocketTheme\\Toolbox\\Blueprints\\": "Blueprints/src",
                    "RocketTheme\\Toolbox\\DI\\": "DI/src",
                    "RocketTheme\\Toolbox\\Event\\": "Event/src",
                    "RocketTheme\\Toolbox\\File\\": "File/src",
                    "RocketTheme\\Toolbox\\ResourceLocator\\": "ResourceLocator/src",
                    "RocketTheme\\Toolbox\\Session\\": "Session/src",
                    "RocketTheme\\Toolbox\\StreamWrapper\\": "StreamWrapper/src"
                }
            },
            "license": [
                "MIT"
            ],
            "description": "RocketTheme Toolbox Library",
            "homepage": "http://www.rockettheme.com",
            "keywords": [
                "php",
                "rockettheme"
            ],
            "support": {
                "source": "https://github.com/rockettheme/toolbox/tree/develop",
                "issues": "https://github.com/rockettheme/toolbox/issues"
            },
            "time": "2015-05-08 21:47:54"
        },
        {
            "name": "symfony/event-dispatcher",
            "version": "2.8.x-dev",
            "source": {
                "type": "git",
                "url": "https://github.com/symfony/EventDispatcher.git",
                "reference": "aced82e3cd15d40e5fadebec5dae9fb1ae666596"
            },
            "dist": {
                "type": "zip",
                "url": "https://api.github.com/repos/symfony/EventDispatcher/zipball/aced82e3cd15d40e5fadebec5dae9fb1ae666596",
                "reference": "aced82e3cd15d40e5fadebec5dae9fb1ae666596",
                "shasum": ""
            },
            "require": {
                "php": ">=5.3.9"
            },
            "require-dev": {
                "psr/log": "~1.0",
                "symfony/config": "~2.0,>=2.0.5|~3.0.0",
                "symfony/dependency-injection": "~2.6|~3.0.0",
                "symfony/expression-language": "~2.6|~3.0.0",
                "symfony/phpunit-bridge": "~2.7|~3.0.0",
                "symfony/stopwatch": "~2.3|~3.0.0"
            },
            "suggest": {
                "symfony/dependency-injection": "",
                "symfony/http-kernel": ""
            },
            "type": "library",
            "extra": {
                "branch-alias": {
                    "dev-master": "2.8-dev"
                }
            },
            "autoload": {
                "psr-4": {
                    "Symfony\\Component\\EventDispatcher\\": ""
                }
            },
            "notification-url": "https://packagist.org/downloads/",
            "license": [
                "MIT"
            ],
            "authors": [
                {
                    "name": "Symfony Community",
                    "homepage": "http://symfony.com/contributors"
                },
                {
                    "name": "Fabien Potencier",
                    "email": "fabien@symfony.com"
                }
            ],
            "description": "Symfony EventDispatcher Component",
            "homepage": "http://symfony.com",
            "time": "2015-05-05 20:46:18"
        },
        {
            "name": "symfony/yaml",
            "version": "2.8.x-dev",
            "source": {
                "type": "git",
                "url": "https://github.com/symfony/Yaml.git",
                "reference": "4ededb1d00dc2c65fcd16ae3dafc785f92b3f95f"
            },
            "dist": {
                "type": "zip",
                "url": "https://api.github.com/repos/symfony/Yaml/zipball/4ededb1d00dc2c65fcd16ae3dafc785f92b3f95f",
                "reference": "4ededb1d00dc2c65fcd16ae3dafc785f92b3f95f",
                "shasum": ""
            },
            "require": {
                "php": ">=5.3.9"
            },
            "require-dev": {
                "symfony/phpunit-bridge": "~2.7|~3.0.0"
            },
            "type": "library",
            "extra": {
                "branch-alias": {
                    "dev-master": "2.8-dev"
                }
            },
            "autoload": {
                "psr-4": {
                    "Symfony\\Component\\Yaml\\": ""
                }
            },
            "notification-url": "https://packagist.org/downloads/",
            "license": [
                "MIT"
            ],
            "authors": [
                {
                    "name": "Symfony Community",
                    "homepage": "http://symfony.com/contributors"
                },
                {
                    "name": "Fabien Potencier",
                    "email": "fabien@symfony.com"
                }
            ],
            "description": "Symfony Yaml Component",
            "homepage": "http://symfony.com",
            "time": "2015-04-24 07:03:44"
        },
        {
            "name": "twig/twig",
            "version": "1.x-dev",
            "source": {
                "type": "git",
                "url": "https://github.com/twigphp/Twig.git",
                "reference": "206d54792002375a2d7a76f6988d21a064d133dd"
            },
            "dist": {
                "type": "zip",
                "url": "https://api.github.com/repos/twigphp/Twig/zipball/206d54792002375a2d7a76f6988d21a064d133dd",
                "reference": "206d54792002375a2d7a76f6988d21a064d133dd",
                "shasum": ""
            },
            "require": {
                "php": ">=5.2.7"
            },
            "type": "library",
            "extra": {
                "branch-alias": {
                    "dev-master": "1.18-dev"
                }
            },
            "autoload": {
                "psr-0": {
                    "Twig_": "lib/"
                }
            },
            "notification-url": "https://packagist.org/downloads/",
            "license": [
                "BSD-3-Clause"
            ],
            "authors": [
                {
                    "name": "Fabien Potencier",
                    "email": "fabien@symfony.com",
                    "homepage": "http://fabien.potencier.org",
                    "role": "Lead Developer"
                },
                {
                    "name": "Armin Ronacher",
                    "email": "armin.ronacher@active-4.com",
                    "role": "Project Founder"
                },
                {
                    "name": "Twig Team",
                    "homepage": "http://twig.sensiolabs.org/contributors",
                    "role": "Contributors"
                }
            ],
            "description": "Twig, the flexible, fast, and secure template language for PHP",
            "homepage": "http://twig.sensiolabs.org",
            "keywords": [
                "templating"
            ],
            "time": "2015-05-07 15:16:34"
        }
    ],
    "packages-dev": null,
    "aliases": [],
    "minimum-stability": "dev",
    "stability-flags": {
        "rockettheme/toolbox": 20,
        "leafo/scssphp": 20,
        "leafo/lessphp": 20
    },
    "prefer-stable": false,
    "prefer-lowest": false,
    "platform": {
        "php": ">=5.4.0"
    },
    "platform-dev": []
}
